{
  "name": "grel-functions-fno-generator",
  "version": "1.0.0",
  "lockfileVersion": 1,
  "requires": true,
  "dependencies": {
    "@graphy/content.nq.read": {
      "version": "4.3.3",
      "resolved": "https://registry.npmjs.org/@graphy/content.nq.read/-/content.nq.read-4.3.3.tgz",
      "integrity": "sha512-+mA/a5RzqlVwdTQzST5JNNiPR2mbWEFfDWvmf/fUaSGpb0Lj8NEaGxb+NwKlS0Q3fnx6lbglfyONfdLcRfZhOA==",
      "dev": true,
      "requires": {
        "@graphy/core.data.factory": "^4.3.3",
        "@graphy/core.iso.stream": "^4.3.3"
      }
    },
    "@graphy/content.nq.scan": {
      "version": "4.3.3",
      "resolved": "https://registry.npmjs.org/@graphy/content.nq.scan/-/content.nq.scan-4.3.3.tgz",
      "integrity": "sha512-CX7LNHSN5JigFga81ao8O5DWE6oxVL6png7HyRujm2j1AK3PSIX9JV1/YU5lXicHSLVvEDMNXxL1kJh5LCXurw==",
      "dev": true,
      "requires": {
        "@graphy/core.data.factory": "^4.3.3"
      }
    },
    "@graphy/content.nq.scribe": {
      "version": "4.3.3",
      "resolved": "https://registry.npmjs.org/@graphy/content.nq.scribe/-/content.nq.scribe-4.3.3.tgz",
      "integrity": "sha512-1Oave8MHgAOQzqGI3AKwZzrOdpF/q9znPBMLWh78kUQpuE3bp0ekRcbJW1Woz+c9o4T7bWbNacmlY9BmuR/FvQ==",
      "dev": true,
      "requires": {
        "@graphy/core.class.writable": "^4.3.3",
        "@graphy/core.data.factory": "^4.3.3"
      }
    },
    "@graphy/content.nq.write": {
      "version": "4.3.3",
      "resolved": "https://registry.npmjs.org/@graphy/content.nq.write/-/content.nq.write-4.3.3.tgz",
      "integrity": "sha512-XrnxA32WKpTxeu3bH7DQg4ruTebXm4VD1V2xODLP8KYXwh9G/5p/AFUfpH/V6ii5aGsKuGPtLDye8/O6MnsVbA==",
      "dev": true,
      "requires": {
        "@graphy/core.class.writable": "^4.3.3",
        "@graphy/core.data.factory": "^4.3.3"
      }
    },
    "@graphy/content.nt.read": {
      "version": "4.3.3",
      "resolved": "https://registry.npmjs.org/@graphy/content.nt.read/-/content.nt.read-4.3.3.tgz",
      "integrity": "sha512-fHXV7udxHUUu4hCzHZsq7D7ccH81/RY6Ebzjdp0TynVXnxdpiZ3wZ4DkPQqsV/5sjv78lLqucGAqIRMlmZ8mvA==",
      "dev": true,
      "requires": {
        "@graphy/core.data.factory": "^4.3.3",
        "@graphy/core.iso.stream": "^4.3.3"
      }
    },
    "@graphy/content.nt.scan": {
      "version": "4.3.3",
      "resolved": "https://registry.npmjs.org/@graphy/content.nt.scan/-/content.nt.scan-4.3.3.tgz",
      "integrity": "sha512-G7JZOwuTVg11y2KUi1v/juqH6vrKLqJM6i+FyzmE/Rt6xecL/5QdAsUhoUnNLphVdOBV3wUUs5d4hZ4Bo4cUCw==",
      "dev": true,
      "requires": {
        "@graphy/core.data.factory": "^4.3.3"
      }
    },
    "@graphy/content.nt.scribe": {
      "version": "4.3.3",
      "resolved": "https://registry.npmjs.org/@graphy/content.nt.scribe/-/content.nt.scribe-4.3.3.tgz",
      "integrity": "sha512-5IagVTLGmj7Ch3yNsRkhxywTohwIAT+fZ1E4VAjTpzRYGXhR2y9IMOCJP/0p5a3MIqcOSrHaprtiua3ie85snA==",
      "dev": true,
      "requires": {
        "@graphy/core.class.writable": "^4.3.3",
        "@graphy/core.data.factory": "^4.3.3"
      }
    },
    "@graphy/content.nt.write": {
      "version": "4.3.3",
      "resolved": "https://registry.npmjs.org/@graphy/content.nt.write/-/content.nt.write-4.3.3.tgz",
      "integrity": "sha512-wMZZHzFUDsuBFJC2xuyfT8242MAbVt3/FRbb2yC6YDTjjiPa2XaPupeQnyUstzeUbXwqvriycks6lQqu3dVLJg==",
      "dev": true,
      "requires": {
        "@graphy/core.class.writable": "^4.3.3",
        "@graphy/core.data.factory": "^4.3.3"
      }
    },
    "@graphy/content.trig.read": {
      "version": "4.3.3",
      "resolved": "https://registry.npmjs.org/@graphy/content.trig.read/-/content.trig.read-4.3.3.tgz",
      "integrity": "sha512-yzxsbnG+4MAOiaqcd9wrjMBnAopiHmyCKCFVX0e+SMs37bT+rKwZFz93Gdgo1De5xxpNHTB7d3R5Z/CginfewQ==",
      "dev": true,
      "requires": {
        "@graphy/core.data.factory": "^4.3.3",
        "@graphy/core.iso.stream": "^4.3.3",
        "uri-js": "^4.4.0"
      }
    },
    "@graphy/content.trig.scribe": {
      "version": "4.3.3",
      "resolved": "https://registry.npmjs.org/@graphy/content.trig.scribe/-/content.trig.scribe-4.3.3.tgz",
      "integrity": "sha512-BdGDIUDNlcEhFPoG/xrEhFwzy4XAkSobnGA6pZdYY9mcc+gF7pWCfqmejYBh5zQO4Rt6pbWy5KYEK+ODXFFnSw==",
      "dev": true,
      "requires": {
        "@graphy/core.class.writable": "^4.3.3",
        "@graphy/core.data.factory": "^4.3.3"
      }
    },
    "@graphy/content.trig.write": {
      "version": "4.3.3",
      "resolved": "https://registry.npmjs.org/@graphy/content.trig.write/-/content.trig.write-4.3.3.tgz",
      "integrity": "sha512-lr6/uxuMHZbTdyattS5UnKhvfBtqSoIszrtaaSGdF16GjLfXy42+JcMNcPknoe5RnjDnn78PlYH5TMI6KbKPnA==",
      "dev": true,
      "requires": {
        "@graphy/core.class.writable": "^4.3.3",
        "@graphy/core.data.factory": "^4.3.3",
        "big-integer": "^1.6.48"
      }
    },
    "@graphy/content.ttl.read": {
      "version": "4.3.3",
      "resolved": "https://registry.npmjs.org/@graphy/content.ttl.read/-/content.ttl.read-4.3.3.tgz",
      "integrity": "sha512-UUMpMwHi3LLM6yhBNDJa55kjV7gZmx6OwrR8xfeaC1W7aqV2Scw54pif7hnMT8Ps2sv8gHj+3S1zo2irfWm91Q==",
      "dev": true,
      "requires": {
        "@graphy/core.data.factory": "^4.3.3",
        "@graphy/core.iso.stream": "^4.3.3",
        "uri-js": "^4.4.0"
      }
    },
    "@graphy/content.ttl.scribe": {
      "version": "4.3.3",
      "resolved": "https://registry.npmjs.org/@graphy/content.ttl.scribe/-/content.ttl.scribe-4.3.3.tgz",
      "integrity": "sha512-II3B13zk0pMe5uxUFXGKdgzBBF45zX0/txjbM9BEQJnI/5JyWcNlI6YlDZJLaCSovyT+URI2oIQRODtC7FubvA==",
      "dev": true,
      "requires": {
        "@graphy/core.class.writable": "^4.3.3",
        "@graphy/core.data.factory": "^4.3.3"
      }
    },
    "@graphy/content.ttl.write": {
      "version": "4.3.3",
      "resolved": "https://registry.npmjs.org/@graphy/content.ttl.write/-/content.ttl.write-4.3.3.tgz",
      "integrity": "sha512-UTY1kz1vhw4ugcgOk1XptqGgHjFH8yDSACfMNBZadE9sUrYvloeiY4QcCrHX1CZXf2/p9kHwEd0pB/7orbVYAQ==",
      "dev": true,
      "requires": {
        "@graphy/core.class.writable": "^4.3.3",
        "@graphy/core.data.factory": "^4.3.3",
        "big-integer": "^1.6.48"
      }
    },
    "@graphy/content.xml.scribe": {
      "version": "4.3.3",
      "resolved": "https://registry.npmjs.org/@graphy/content.xml.scribe/-/content.xml.scribe-4.3.3.tgz",
      "integrity": "sha512-13bIViH4Ce31J/4qXJvizuN7gfo9hFgH/eE8ZR8rtX4IikbcniaXjx9W5L9K1pdBA494xk7rHCPldmT5/gUQ9Q==",
      "dev": true,
      "requires": {
        "@graphy/core.class.writable": "^4.3.3",
        "@graphy/core.data.factory": "^4.3.3"
      }
    },
    "@graphy/core.class.scribable": {
      "version": "4.3.3",
      "resolved": "https://registry.npmjs.org/@graphy/core.class.scribable/-/core.class.scribable-4.3.3.tgz",
      "integrity": "sha512-TcwHMvNmD807+FPx7OWcJ1FLcrFeXQa0DbBffShVOwzTvaFpAA2wS+tVFTRc3P/koU4BVhHvyIt8QixwbZjUMg==",
      "dev": true,
      "requires": {
        "@graphy/core.data.factory": "^4.3.3",
        "@graphy/core.iso.stream": "^4.3.3"
      }
    },
    "@graphy/core.class.writable": {
      "version": "4.3.3",
      "resolved": "https://registry.npmjs.org/@graphy/core.class.writable/-/core.class.writable-4.3.3.tgz",
      "integrity": "sha512-Sc+r3ROJBhT10F9NK91Sakzd7VGPUJGcAjxl64AQkwtFQ1GTRu0UgnbSx3zgj80u75s89w1cqPzHmJxC/s1BRA==",
      "dev": true,
      "requires": {
        "@graphy/core.class.scribable": "^4.3.3",
        "@graphy/core.data.factory": "^4.3.3"
      }
    },
    "@graphy/core.data.factory": {
      "version": "4.3.3",
      "resolved": "https://registry.npmjs.org/@graphy/core.data.factory/-/core.data.factory-4.3.3.tgz",
      "integrity": "sha512-qEODuBEk8+QvoPPs1FWXUNOOQr2mEZbZBJyAXv3ZIOi4PZ4uxmcKaqB0S4vxFEsfaNXMallMwREokhtfkxixdA==",
      "dev": true,
      "requires": {
        "uri-js": "^4.4.0"
      }
    },
    "@graphy/core.iso.stream": {
      "version": "4.3.3",
      "resolved": "https://registry.npmjs.org/@graphy/core.iso.stream/-/core.iso.stream-4.3.3.tgz",
      "integrity": "sha512-XFbJDpgariyXzk14HAm7ce4sqLYxZ3ck8vSYJfrfQoZLVJ64K0o7+dNMOqKs6ukf2MfcRrEYhUB7pxbXhpl/PQ==",
      "dev": true,
      "requires": {
        "readable-stream": "^3.6.0"
      }
    },
    "@graphy/core.iso.threads": {
      "version": "4.3.3",
      "resolved": "https://registry.npmjs.org/@graphy/core.iso.threads/-/core.iso.threads-4.3.3.tgz",
      "integrity": "sha512-UthAckBxABBkKPnKPeCf9ZM3QmlnlimBNzAT4lbj6+LdKy6K9EvK4rEzb+QQPnCHTQfpYGJErJcRfTv+kh5L2Q==",
      "dev": true
    },
    "@graphy/memory.dataset.fast": {
      "version": "4.3.3",
      "resolved": "https://registry.npmjs.org/@graphy/memory.dataset.fast/-/memory.dataset.fast-4.3.3.tgz",
      "integrity": "sha512-7ooKeO/+tttXfNiO1mhtodHxiiXtKOOZXWNp1/WW1GgmnLVMsgFvcI1NaND4+wwFHWY/FCQBkCSxb7ADVbF0AQ==",
      "dev": true,
      "requires": {
        "@graphy/core.data.factory": "^4.3.3",
        "@graphy/core.iso.stream": "^4.3.3"
      }
    },
    "@graphy/util.dataset.tree": {
      "version": "4.3.3",
      "resolved": "https://registry.npmjs.org/@graphy/util.dataset.tree/-/util.dataset.tree-4.3.3.tgz",
      "integrity": "sha512-rNZ/dPV2u+19anLr0hKt+r17gYIdgpd8LDCAWv16dtrYNHgHAWCHD9XNq9tkV3io26Tu7+p8GwNgNPoYBpZOsg==",
      "dev": true,
      "requires": {
        "@graphy/core.data.factory": "^4.3.3",
        "@graphy/core.iso.stream": "^4.3.3"
      }
    },
    "ansi-regex": {
      "version": "5.0.0",
      "resolved": "https://registry.npmjs.org/ansi-regex/-/ansi-regex-5.0.0.tgz",
      "integrity": "sha512-bY6fj56OUQ0hU1KjFNDQuJFezqKdrAyFdIevADiqrWHwSlbmBNMHp5ak2f40Pm8JTFyM2mqxkG6ngkHO11f/lg==",
      "dev": true
    },
    "ansi-styles": {
      "version": "4.3.0",
      "resolved": "https://registry.npmjs.org/ansi-styles/-/ansi-styles-4.3.0.tgz",
      "integrity": "sha512-zbB9rCJAT1rbjiVDb2hqKFHNYLxgtk8NURxZ3IZwD3F6NtxbXZQCnnSi1Lkx+IDohdPlFp222wVALIheZJQSEg==",
      "dev": true,
      "requires": {
        "color-convert": "^2.0.1"
      }
    },
    "big-integer": {
      "version": "1.6.48",
      "resolved": "https://registry.npmjs.org/big-integer/-/big-integer-1.6.48.tgz",
      "integrity": "sha512-j51egjPa7/i+RdiRuJbPdJ2FIUYYPhvYLjzoYbcMMm62ooO6F94fETG4MTs46zPAF9Brs04OajboA/qTGuz78w==",
      "dev": true
    },
    "bkit": {
      "version": "2.1.3",
      "resolved": "https://registry.npmjs.org/bkit/-/bkit-2.1.3.tgz",
      "integrity": "sha512-mgjJ0c8gx9secFYhU/WZIA4LuhtzVOlQQuuyWJUbL0aTs6cZT+P2Bpa86kOP8lsf64pd8NpM5fgo529AgZTt0Q==",
      "dev": true
    },
    "bluebird": {
      "version": "3.7.2",
      "resolved": "https://registry.npmjs.org/bluebird/-/bluebird-3.7.2.tgz",
      "integrity": "sha512-XpNj6GDQzdfW+r2Wnn7xiSAd7TM3jzkxGXBGTtWKuSXv1xUV+azxAm8jdWZN06QTQk+2N2XB9jRDkvbmQmcRtg=="
    },
    "camelcase": {
      "version": "5.3.1",
      "resolved": "https://registry.npmjs.org/camelcase/-/camelcase-5.3.1.tgz",
      "integrity": "sha512-L28STB170nwWS63UjtlEOE3dldQApaJXZkOI1uMFfzf3rRuPegHaHesyee+YxQ+W6SvRDQV6UrdOdRiR153wJg==",
      "dev": true
    },
    "chalk": {
      "version": "4.1.0",
      "resolved": "https://registry.npmjs.org/chalk/-/chalk-4.1.0.tgz",
      "integrity": "sha512-qwx12AxXe2Q5xQ43Ac//I6v5aXTipYrSESdOgzrN+9XjgEpyjpKuvSGaN4qE93f7TQTlerQQ8S+EQ0EyDoVL1A==",
      "dev": true,
      "requires": {
        "ansi-styles": "^4.1.0",
        "supports-color": "^7.1.0"
      }
    },
    "cliui": {
      "version": "6.0.0",
      "resolved": "https://registry.npmjs.org/cliui/-/cliui-6.0.0.tgz",
      "integrity": "sha512-t6wbgtoCXvAzst7QgXxJYqPt0usEfbgQdftEPbLL/cvv6HPE5VgvqCuAIDR0NgU52ds6rFwqrgakNLrHEjCbrQ==",
      "dev": true,
      "requires": {
        "string-width": "^4.2.0",
        "strip-ansi": "^6.0.0",
        "wrap-ansi": "^6.2.0"
      }
    },
    "color-convert": {
      "version": "2.0.1",
      "resolved": "https://registry.npmjs.org/color-convert/-/color-convert-2.0.1.tgz",
      "integrity": "sha512-RRECPsj7iu/xb5oKYcsFHSppFNnsj/52OVTRKb4zP5onXwVF3zVmmToNcOfGC+CRDpfK/U584fMg38ZHCaElKQ==",
      "dev": true,
      "requires": {
        "color-name": "~1.1.4"
      }
    },
    "color-name": {
      "version": "1.1.4",
      "resolved": "https://registry.npmjs.org/color-name/-/color-name-1.1.4.tgz",
      "integrity": "sha512-dOy+3AuW3a2wNbZHIuMZpTcgjGuLU/uBL/ubcZF9OXbDo8ff4O8yVp5Bf0efS8uEoYo5q4Fx7dY9OgQGXgAsQA==",
      "dev": true
    },
    "csvtojson": {
      "version": "2.0.10",
      "resolved": "https://registry.npmjs.org/csvtojson/-/csvtojson-2.0.10.tgz",
      "integrity": "sha512-lUWFxGKyhraKCW8Qghz6Z0f2l/PqB1W3AO0HKJzGIQ5JRSlR651ekJDiGJbBT4sRNNv5ddnSGVEnsxP9XRCVpQ==",
      "requires": {
        "bluebird": "^3.5.1",
        "lodash": "^4.17.3",
        "strip-bom": "^2.0.0"
      }
    },
    "dateformat": {
      "version": "4.4.1",
      "resolved": "https://registry.npmjs.org/dateformat/-/dateformat-4.4.1.tgz",
      "integrity": "sha512-3V9b/50QBYmFtd2c3cPOmdr2xNfnDphoBLxh/UVBoPIsylWkbUYGq3f4EQYuEaK7Mq4vcIpQCmOyJ37pqW/Uug==",
      "dev": true
    },
    "decamelize": {
      "version": "1.2.0",
      "resolved": "https://registry.npmjs.org/decamelize/-/decamelize-1.2.0.tgz",
      "integrity": "sha1-9lNNFRSCabIDUue+4m9QH5oZEpA=",
      "dev": true
    },
    "emoji-regex": {
      "version": "8.0.0",
      "resolved": "https://registry.npmjs.org/emoji-regex/-/emoji-regex-8.0.0.tgz",
      "integrity": "sha512-MSjYzcWNOA0ewAHpz0MxpYFvwg6yjy1NG3xteoqz644VCo/RPgnr1/GGt+ic3iJTzQ8Eu3TdM14SawnVUmGE6A==",
      "dev": true
    },
    "find-up": {
      "version": "4.1.0",
      "resolved": "https://registry.npmjs.org/find-up/-/find-up-4.1.0.tgz",
      "integrity": "sha512-PpOwAdQ/YlXQ2vj8a3h8IipDuYRi3wceVQQGYWxNINccq40Anw7BlsEXCMbt1Zt+OLA6Fq9suIpIWD0OsnISlw==",
      "dev": true,
      "requires": {
        "locate-path": "^5.0.0",
        "path-exists": "^4.0.0"
      }
    },
    "get-caller-file": {
      "version": "2.0.5",
      "resolved": "https://registry.npmjs.org/get-caller-file/-/get-caller-file-2.0.5.tgz",
      "integrity": "sha512-DyFP3BM/3YHTQOCUL/w0OZHR0lpKeGrxotcHWcqNEdnltqFwXVfhEBQ94eIo34AfQpo0rGki4cyIiftY06h2Fg==",
      "dev": true
    },
    "graphy": {
      "version": "4.3.3",
      "resolved": "https://registry.npmjs.org/graphy/-/graphy-4.3.3.tgz",
      "integrity": "sha512-rVOiLhUt3o/MPXqv+oq6973y1zIB3Mft7fR7z6DYNPYK4qkb2GSsIT+cS13kmrPFnPQTmFMZPqmKL74jkvpLuA==",
      "dev": true,
      "requires": {
        "@graphy/content.nq.read": "4.3.3",
        "@graphy/content.nq.scan": "4.3.3",
        "@graphy/content.nq.scribe": "4.3.3",
        "@graphy/content.nq.write": "4.3.3",
        "@graphy/content.nt.read": "4.3.3",
        "@graphy/content.nt.scan": "4.3.3",
        "@graphy/content.nt.scribe": "4.3.3",
        "@graphy/content.nt.write": "4.3.3",
        "@graphy/content.trig.read": "4.3.3",
        "@graphy/content.trig.scribe": "4.3.3",
        "@graphy/content.trig.write": "4.3.3",
        "@graphy/content.ttl.read": "4.3.3",
        "@graphy/content.ttl.scribe": "4.3.3",
        "@graphy/content.ttl.write": "4.3.3",
        "@graphy/content.xml.scribe": "4.3.3",
        "@graphy/core.class.scribable": "4.3.3",
        "@graphy/core.class.writable": "4.3.3",
        "@graphy/core.data.factory": "4.3.3",
        "@graphy/core.iso.stream": "4.3.3",
        "@graphy/core.iso.threads": "4.3.3",
        "@graphy/memory.dataset.fast": "4.3.3",
        "@graphy/util.dataset.tree": "4.3.3",
        "big-integer": "^1.6.48",
        "bkit": "^2.1.3",
        "chalk": "^4.1.0",
        "pegjs": "^0.10.0",
        "readable-stream": "^3.6.0",
        "uri-js": "^4.4.0",
        "yargs": "^15.4.1"
      }
    },
    "has-flag": {
      "version": "4.0.0",
      "resolved": "https://registry.npmjs.org/has-flag/-/has-flag-4.0.0.tgz",
      "integrity": "sha512-EykJT/Q1KjTWctppgIAgfSO0tKVuZUjhgMr17kqTumMl6Afv3EISleU7qZUzoXDFTAHTDC4NOoG/ZxU3EvlMPQ==",
      "dev": true
    },
    "inherits": {
      "version": "2.0.4",
      "resolved": "https://registry.npmjs.org/inherits/-/inherits-2.0.4.tgz",
      "integrity": "sha512-k/vGaX4/Yla3WzyMCvTQOXYeIHvqOKtnqBduzTHpzpQZzAskKMhZ2K+EnBiSM9zGSoIFeMpXKxa4dYeZIQqewQ==",
      "dev": true
    },
    "is-fullwidth-code-point": {
      "version": "3.0.0",
      "resolved": "https://registry.npmjs.org/is-fullwidth-code-point/-/is-fullwidth-code-point-3.0.0.tgz",
      "integrity": "sha512-zymm5+u+sCsSWyD9qNaejV3DFvhCKclKdizYaJUuHA83RLjb7nSuGnddCHGv0hk+KY7BMAlsWeK4Ueg6EV6XQg==",
      "dev": true
    },
    "is-utf8": {
      "version": "0.2.1",
      "resolved": "https://registry.npmjs.org/is-utf8/-/is-utf8-0.2.1.tgz",
      "integrity": "sha1-Sw2hRCEE0bM2NA6AeX6GXPOffXI="
    },
    "locate-path": {
      "version": "5.0.0",
      "resolved": "https://registry.npmjs.org/locate-path/-/locate-path-5.0.0.tgz",
      "integrity": "sha512-t7hw9pI+WvuwNJXwk5zVHpyhIqzg2qTlklJOf0mVxGSbe3Fp2VieZcduNYjaLDoy6p9uGpQEGWG87WpMKlNq8g==",
      "dev": true,
      "requires": {
        "p-locate": "^4.1.0"
      }
    },
    "lodash": {
      "version": "4.17.19",
      "resolved": "https://registry.npmjs.org/lodash/-/lodash-4.17.19.tgz",
      "integrity": "sha512-JNvd8XER9GQX0v2qJgsaN/mzFCNA5BRe/j8JN9d+tWyGLSodKQHKFicdwNYzWwI3wjRnaKPsGj1XkBjx/F96DQ=="
    },
    "n3": {
      "version": "1.5.0",
      "resolved": "https://registry.npmjs.org/n3/-/n3-1.5.0.tgz",
      "integrity": "sha512-k4R/EOMnnRYFt+hXgqyKOHjzmshaLuHUFgrz5nsp9nAojCZuAHrro/DsIM2tS0Bgx6ed7DM5Ks3q2teJ8n7HnQ==",
      "requires": {
        "queue-microtask": "^1.1.2"
      }
    },
    "p-limit": {
      "version": "2.3.0",
      "resolved": "https://registry.npmjs.org/p-limit/-/p-limit-2.3.0.tgz",
      "integrity": "sha512-//88mFWSJx8lxCzwdAABTJL2MyWB12+eIY7MDL2SqLmAkeKU9qxRvWuSyTjm3FUmpBEMuFfckAIqEaVGUDxb6w==",
      "dev": true,
      "requires": {
        "p-try": "^2.0.0"
      }
    },
    "p-locate": {
      "version": "4.1.0",
      "resolved": "https://registry.npmjs.org/p-locate/-/p-locate-4.1.0.tgz",
      "integrity": "sha512-R79ZZ/0wAxKGu3oYMlz8jy/kbhsNrS7SKZ7PxEHBgJ5+F2mtFW2fK2cOtBh1cHYkQsbzFV7I+EoRKe6Yt0oK7A==",
      "dev": true,
      "requires": {
        "p-limit": "^2.2.0"
      }
    },
    "p-try": {
      "version": "2.2.0",
      "resolved": "https://registry.npmjs.org/p-try/-/p-try-2.2.0.tgz",
      "integrity": "sha512-R4nPAVTAU0B9D35/Gk3uJf/7XYbQcyohSKdvAxIRSNghFl4e71hVoGnBNQz9cWaXxO2I10KTC+3jMdvvoKw6dQ==",
      "dev": true
    },
    "path-exists": {
      "version": "4.0.0",
      "resolved": "https://registry.npmjs.org/path-exists/-/path-exists-4.0.0.tgz",
      "integrity": "sha512-ak9Qy5Q7jYb2Wwcey5Fpvg2KoAc/ZIhLSLOSBmRmygPsGwkVVt0fZa0qrtMz+m6tJTAHfZQ8FnmB4MG4LWy7/w==",
      "dev": true
    },
    "pegjs": {
      "version": "0.10.0",
      "resolved": "https://registry.npmjs.org/pegjs/-/pegjs-0.10.0.tgz",
      "integrity": "sha1-z4uvrm7d/0tafvsYUmnqr0YQ3b0=",
      "dev": true
    },
    "punycode": {
      "version": "2.1.1",
      "resolved": "https://registry.npmjs.org/punycode/-/punycode-2.1.1.tgz",
      "integrity": "sha512-XRsRjdf+j5ml+y/6GKHPZbrF/8p2Yga0JPtdqTIY2Xe5ohJPD9saDJJLPvp9+NSBprVvevdXZybnj2cv8OEd0A==",
      "dev": true
    },
    "queue-microtask": {
      "version": "1.1.4",
      "resolved": "https://registry.npmjs.org/queue-microtask/-/queue-microtask-1.1.4.tgz",
      "integrity": "sha512-eY/4Obve9cE5FK8YvC1cJsm5cr7XvAurul8UtBDJ2PR1p5NmAwHtvAt5ftcLtwYRCUKNhxCneZZlxmUDFoSeKA=="
    },
    "readable-stream": {
      "version": "3.6.0",
      "resolved": "https://registry.npmjs.org/readable-stream/-/readable-stream-3.6.0.tgz",
      "integrity": "sha512-BViHy7LKeTz4oNnkcLJ+lVSL6vpiFeX6/d3oSH8zCW7UxP2onchk+vTGB143xuFjHS3deTgkKoXXymXqymiIdA==",
      "dev": true,
      "requires": {
        "inherits": "^2.0.3",
        "string_decoder": "^1.1.1",
        "util-deprecate": "^1.0.1"
      }
    },
    "require-directory": {
      "version": "2.1.1",
      "resolved": "https://registry.npmjs.org/require-directory/-/require-directory-2.1.1.tgz",
      "integrity": "sha1-jGStX9MNqxyXbiNE/+f3kqam30I=",
      "dev": true
    },
    "require-main-filename": {
      "version": "2.0.0",
      "resolved": "https://registry.npmjs.org/require-main-filename/-/require-main-filename-2.0.0.tgz",
      "integrity": "sha512-NKN5kMDylKuldxYLSUfrbo5Tuzh4hd+2E8NPPX02mZtn1VuREQToYe/ZdlJy+J3uCpfaiGF05e7B8W0iXbQHmg==",
      "dev": true
    },
    "safe-buffer": {
      "version": "5.2.1",
      "resolved": "https://registry.npmjs.org/safe-buffer/-/safe-buffer-5.2.1.tgz",
      "integrity": "sha512-rp3So07KcdmmKbGvgaNxQSJr7bGVSVk5S9Eq1F+ppbRo70+YeaDxkw5Dd8NPN+GD6bjnYm2VuPuCXmpuYvmCXQ==",
      "dev": true
    },
    "set-blocking": {
      "version": "2.0.0",
      "resolved": "https://registry.npmjs.org/set-blocking/-/set-blocking-2.0.0.tgz",
      "integrity": "sha1-BF+XgtARrppoA93TgrJDkrPYkPc=",
      "dev": true
    },
    "string-width": {
      "version": "4.2.0",
      "resolved": "https://registry.npmjs.org/string-width/-/string-width-4.2.0.tgz",
      "integrity": "sha512-zUz5JD+tgqtuDjMhwIg5uFVV3dtqZ9yQJlZVfq4I01/K5Paj5UHj7VyrQOJvzawSVlKpObApbfD0Ed6yJc+1eg==",
      "dev": true,
      "requires": {
        "emoji-regex": "^8.0.0",
        "is-fullwidth-code-point": "^3.0.0",
        "strip-ansi": "^6.0.0"
      }
    },
    "string_decoder": {
      "version": "1.3.0",
      "resolved": "https://registry.npmjs.org/string_decoder/-/string_decoder-1.3.0.tgz",
      "integrity": "sha512-hkRX8U1WjJFd8LsDJ2yQ/wWWxaopEsABU1XfkM8A+j0+85JAGppt16cr1Whg6KIbb4okU6Mql6BOj+uup/wKeA==",
      "dev": true,
      "requires": {
        "safe-buffer": "~5.2.0"
      }
    },
    "strip-ansi": {
      "version": "6.0.0",
      "resolved": "https://registry.npmjs.org/strip-ansi/-/strip-ansi-6.0.0.tgz",
      "integrity": "sha512-AuvKTrTfQNYNIctbR1K/YGTR1756GycPsg7b9bdV9Duqur4gv6aKqHXah67Z8ImS7WEz5QVcOtlfW2rZEugt6w==",
      "dev": true,
      "requires": {
        "ansi-regex": "^5.0.0"
      }
    },
    "strip-bom": {
      "version": "2.0.0",
      "resolved": "https://registry.npmjs.org/strip-bom/-/strip-bom-2.0.0.tgz",
      "integrity": "sha1-YhmoVhZSBJHzV4i9vxRHqZx+aw4=",
      "requires": {
        "is-utf8": "^0.2.0"
      }
    },
    "supports-color": {
      "version": "7.2.0",
      "resolved": "https://registry.npmjs.org/supports-color/-/supports-color-7.2.0.tgz",
      "integrity": "sha512-qpCAvRl9stuOHveKsn7HncJRvv501qIacKzQlO/+Lwxc9+0q2wLyv4Dfvt80/DPn2pqOBsJdDiogXGR9+OvwRw==",
      "dev": true,
      "requires": {
        "has-flag": "^4.0.0"
      }
    },
    "uri-js": {
      "version": "4.4.1",
      "resolved": "https://registry.npmjs.org/uri-js/-/uri-js-4.4.1.tgz",
      "integrity": "sha512-7rKUyy33Q1yc98pQ1DAmLtwX109F7TIfWlW1Ydo8Wl1ii1SeHieeh0HHfPeL2fMXK6z0s8ecKs9frCuLJvndBg==",
      "dev": true,
      "requires": {
        "punycode": "^2.1.0"
      }
    },
    "util-deprecate": {
      "version": "1.0.2",
      "resolved": "https://registry.npmjs.org/util-deprecate/-/util-deprecate-1.0.2.tgz",
      "integrity": "sha1-RQ1Nyfpw3nMnYvvS1KKJgUGaDM8=",
      "dev": true
    },
    "which-module": {
      "version": "2.0.0",
      "resolved": "https://registry.npmjs.org/which-module/-/which-module-2.0.0.tgz",
      "integrity": "sha1-2e8H3Od7mQK4o6j6SzHD4/fm6Ho=",
      "dev": true
    },
    "wrap-ansi": {
      "version": "6.2.0",
      "resolved": "https://registry.npmjs.org/wrap-ansi/-/wrap-ansi-6.2.0.tgz",
      "integrity": "sha512-r6lPcBGxZXlIcymEu7InxDMhdW0KDxpLgoFLcguasxCaJ/SOIZwINatK9KY/tf+ZrlywOKU0UDj3ATXUBfxJXA==",
      "dev": true,
      "requires": {
        "ansi-styles": "^4.0.0",
        "string-width": "^4.1.0",
        "strip-ansi": "^6.0.0"
      }
    },
    "y18n": {
      "version": "4.0.1",
      "resolved": "https://registry.npmjs.org/y18n/-/y18n-4.0.1.tgz",
      "integrity": "sha512-wNcy4NvjMYL8gogWWYAO7ZFWFfHcbdbE57tZO8e4cbpj8tfUcwrwqSl3ad8HxpYWCdXcJUCeKKZS62Av1affwQ==",
      "dev": true
    },
    "yargs": {
      "version": "15.4.1",
      "resolved": "https://registry.npmjs.org/yargs/-/yargs-15.4.1.tgz",
      "integrity": "sha512-aePbxDmcYW++PaqBsJ+HYUFwCdv4LVvdnhBy78E57PIor8/OVvhMrADFFEDh8DHDFRv/O9i3lPhsENjO7QX0+A==",
      "dev": true,
      "requires": {
        "cliui": "^6.0.0",
        "decamelize": "^1.2.0",
        "find-up": "^4.1.0",
        "get-caller-file": "^2.0.1",
        "require-directory": "^2.1.1",
        "require-main-filename": "^2.0.0",
        "set-blocking": "^2.0.0",
        "string-width": "^4.2.0",
        "which-module": "^2.0.0",
        "y18n": "^4.0.0",
        "yargs-parser": "^18.1.2"
      }
    },
    "yargs-parser": {
      "version": "18.1.3",
      "resolved": "https://registry.npmjs.org/yargs-parser/-/yargs-parser-18.1.3.tgz",
      "integrity": "sha512-o50j0JeToy/4K6OZcaQmW6lyXXKhq7csREXcDwk2omFPJEwUNOVtJKvmDr9EI1fAJZUyZcRF7kxGBWmRXudrCQ==",
      "dev": true,
      "requires": {
        "camelcase": "^5.0.0",
        "decamelize": "^1.2.0"
      }
    }
  }
}
